
Microsoft Visual Studio Solution File, Format Version 12.00
# Visual Studio Version 17
VisualStudioVersion = 17.6.33815.320
MinimumVisualStudioVersion = 10.0.40219.1
Project("{FAE04EC0-301F-11D3-BF4B-00C04F79EFBC}") = "OwnPractices", "OwnPractices\OwnPractices.csproj", "{D987CD8B-F29F-4B73-959A-02604AC1D626}"
EndProject
Project("{FAE04EC0-301F-11D3-BF4B-00C04F79EFBC}") = "AsynchronousPractice", "AsynchronousPractice\AsynchronousPractice.csproj", "{0AE2DCB6-15F5-4240-BFD5-523816882901}"
EndProject
Project("{FAE04EC0-301F-11D3-BF4B-00C04F79EFBC}") = "LINQ and Lambda Expression Practice", "LINQ and Lambda Expression Practice\LINQ and Lambda Expression Practice.csproj", "{8EE5507F-6DC6-4EF9-A1B5-B60B0A31BFAC}"
EndProject
Global
	GlobalSection(SolutionConfigurationPlatforms) = preSolution
		Debug|Any CPU = Debug|Any CPU
		Release|Any CPU = Release|Any CPU
	EndGlobalSection
	GlobalSection(ProjectConfigurationPlatforms) = postSolution
		{D987CD8B-F29F-4B73-959A-02604AC1D626}.Debug|Any CPU.ActiveCfg = Debug|Any CPU
		{D987CD8B-F29F-4B73-959A-02604AC1D626}.Debug|Any CPU.Build.0 = Debug|Any CPU
		{D987CD8B-F29F-4B73-959A-02604AC1D626}.Release|Any CPU.ActiveCfg = Release|Any CPU
		{D987CD8B-F29F-4B73-959A-02604AC1D626}.Release|Any CPU.Build.0 = Release|Any CPU
		{0AE2DCB6-15F5-4240-BFD5-523816882901}.Debug|Any CPU.ActiveCfg = Debug|Any CPU
		{0AE2DCB6-15F5-4240-BFD5-523816882901}.Debug|Any CPU.Build.0 = Debug|Any CPU
		{0AE2DCB6-15F5-4240-BFD5-523816882901}.Release|Any CPU.ActiveCfg = Release|Any CPU
		{0AE2DCB6-15F5-4240-BFD5-523816882901}.Release|Any CPU.Build.0 = Release|Any CPU
		{8EE5507F-6DC6-4EF9-A1B5-B60B0A31BFAC}.Debug|Any CPU.ActiveCfg = Debug|Any CPU
		{8EE5507F-6DC6-4EF9-A1B5-B60B0A31BFAC}.Debug|Any CPU.Build.0 = Debug|Any CPU
		{8EE5507F-6DC6-4EF9-A1B5-B60B0A31BFAC}.Release|Any CPU.ActiveCfg = Release|Any CPU
		{8EE5507F-6DC6-4EF9-A1B5-B60B0A31BFAC}.Release|Any CPU.Build.0 = Release|Any CPU
	EndGlobalSection
	GlobalSection(SolutionProperties) = preSolution
		HideSolutionNode = FALSE
	EndGlobalSection
	GlobalSection(ExtensibilityGlobals) = postSolution
		SolutionGuid = {E5905E04-140A-4193-AE4F-1D59A2854C92}
	EndGlobalSection
EndGlobal
